
Microsoft Visual Studio Solution File, Format Version 12.00
# Visual Studio 15
VisualStudioVersion = 15.0.28307.438
MinimumVisualStudioVersion = 10.0.40219.1
Project("{FAE04EC0-301F-11D3-BF4B-00C04F79EFBC}") = "SV", "SV\SV.csproj", "{891ECD99-9285-495F-95A5-6D2E8F76FB09}"
EndProject
Global
	GlobalSection(SolutionConfigurationPlatforms) = preSolution
		Debug|Any CPU = Debug|Any CPU
		Release|Any CPU = Release|Any CPU
	EndGlobalSection
	GlobalSection(ProjectConfigurationPlatforms) = postSolution
		{891ECD99-9285-495F-95A5-6D2E8F76FB09}.Debug|Any CPU.ActiveCfg = Debug|Any CPU
		{891ECD99-9285-495F-95A5-6D2E8F76FB09}.Debug|Any CPU.Build.0 = Debug|Any CPU
		{891ECD99-9285-495F-95A5-6D2E8F76FB09}.Release|Any CPU.ActiveCfg = Release|Any CPU
		{891ECD99-9285-495F-95A5-6D2E8F76FB09}.Release|Any CPU.Build.0 = Release|Any CPU
	EndGlobalSection
	GlobalSection(SolutionProperties) = preSolution
		HideSolutionNode = FALSE
	EndGlobalSection
	GlobalSection(ExtensibilityGlobals) = postSolution
		SolutionGuid = {61DA66E1-15F3-4D34-8B73-276B5DDD2FF5}
	EndGlobalSection
EndGlobal
